// !$*UTF8*$!
{
	archiveVersion = 1;
	classes = {
	};
	objectVersion = 50;
	objects = {

/* Begin PBXBuildFile section */
		0B7466F4A643EF57A7125227 /* Pods_FirestoreListenerTest.framework in Frameworks */ = {isa = PBXBuildFile; fileRef = 87E078E6D2317C9EAE9D4019 /* Pods_FirestoreListenerTest.framework */; };
		66B3074220DD438300931E45 /* AppDelegate.swift in Sources */ = {isa = PBXBuildFile; fileRef = 66B3074120DD438300931E45 /* AppDelegate.swift */; };
		66B3074420DD438300931E45 /* ViewController.swift in Sources */ = {isa = PBXBuildFile; fileRef = 66B3074320DD438300931E45 /* ViewController.swift */; };
		66B3074720DD438300931E45 /* Main.storyboard in Resources */ = {isa = PBXBuildFile; fileRef = 66B3074520DD438300931E45 /* Main.storyboard */; };
		66B3074920DD438400931E45 /* Assets.xcassets in Resources */ = {isa = PBXBuildFile; fileRef = 66B3074820DD438400931E45 /* Assets.xcassets */; };
		66B3074C20DD438400931E45 /* LaunchScreen.storyboard in Resources */ = {isa = PBXBuildFile; fileRef = 66B3074A20DD438400931E45 /* LaunchScreen.storyboard */; };
		66B3075420DD461800931E45 /* GoogleService-Info.plist in Resources */ = {isa = PBXBuildFile; fileRef = 66B3075320DD461800931E45 /* GoogleService-Info.plist */; };
/* End PBXBuildFile section */

/* Begin PBXFileReference section */
		4BBD70789864CB0DA0652629 /* Pods-FirestoreListenerTest.debug.xcconfig */ = {isa = PBXFileReference; includeInIndex = 1; lastKnownFileType = text.xcconfig; name = "Pods-FirestoreListenerTest.debug.xcconfig"; path = "Pods/Target Support Files/Pods-FirestoreListenerTest/Pods-FirestoreListenerTest.debug.xcconfig"; sourceTree = "<group>"; };
		66B3073E20DD438300931E45 /* FirestoreListenerTest.app */ = {isa = PBXFileReference; explicitFileType = wrapper.application; includeInIndex = 0; path = FirestoreListenerTest.app; sourceTree = BUILT_PRODUCTS_DIR; };
		66B3074120DD438300931E45 /* AppDelegate.swift */ = {isa = PBXFileReference; lastKnownFileType = sourcecode.swift; path = AppDelegate.swift; sourceTree = "<group>"; };
		66B3074320DD438300931E45 /* ViewController.swift */ = {isa = PBXFileReference; lastKnownFileType = sourcecode.swift; path = ViewController.swift; sourceTree = "<group>"; };
		66B3074620DD438300931E45 /* Base */ = {isa = PBXFileReference; lastKnownFileType = file.storyboard; name = Base; path = Base.lproj/Main.storyboard; sourceTree = "<group>"; };
		66B3074820DD438400931E45 /* Assets.xcassets */ = {isa = PBXFileReference; lastKnownFileType = folder.assetcatalog; path = Assets.xcassets; sourceTree = "<group>"; };
		66B3074B20DD438400931E45 /* Base */ = {isa = PBXFileReference; lastKnownFileType = file.storyboard; name = Base; path = Base.lproj/LaunchScreen.storyboard; sourceTree = "<group>"; };
		66B3074D20DD438400931E45 /* Info.plist */ = {isa = PBXFileReference; lastKnownFileType = text.plist.xml; path = Info.plist; sourceTree = "<group>"; };
		66B3075320DD461800931E45 /* GoogleService-Info.plist */ = {isa = PBXFileReference; fileEncoding = 4; lastKnownFileType = text.plist.xml; path = "GoogleService-Info.plist"; sourceTree = "<group>"; };
		87E078E6D2317C9EAE9D4019 /* Pods_FirestoreListenerTest.framework */ = {isa = PBXFileReference; explicitFileType = wrapper.framework; includeInIndex = 0; path = Pods_FirestoreListenerTest.framework; sourceTree = BUILT_PRODUCTS_DIR; };
		A883EEA2653B5828F38B133B /* Pods-FirestoreListenerTest.release.xcconfig */ = {isa = PBXFileReference; includeInIndex = 1; lastKnownFileType = text.xcconfig; name = "Pods-FirestoreListenerTest.release.xcconfig"; path = "Pods/Target Support Files/Pods-FirestoreListenerTest/Pods-FirestoreListenerTest.release.xcconfig"; sourceTree = "<group>"; };
/* End PBXFileReference section */

/* Begin PBXFrameworksBuildPhase section */
		66B3073B20DD438300931E45 /* Frameworks */ = {
			isa = PBXFrameworksBuildPhase;
			buildActionMask = 2147483647;
			files = (
				0B7466F4A643EF57A7125227 /* Pods_FirestoreListenerTest.framework in Frameworks */,
			);
			runOnlyForDeploymentPostprocessing = 0;
		};
/* End PBXFrameworksBuildPhase section */

/* Begin PBXGroup section */
		66B3073520DD438300931E45 = {
			isa = PBXGroup;
			children = (
				66B3074020DD438300931E45 /* FirestoreListenerTest */,
				66B3073F20DD438300931E45 /* Products */,
				9C2703543361CB6A4CD5CA9C /* Pods */,
				E0DC0DEA130CE0C45804A0C0 /* Frameworks */,
			);
			sourceTree = "<group>";
		};
		66B3073F20DD438300931E45 /* Products */ = {
			isa = PBXGroup;
			children = (
				66B3073E20DD438300931E45 /* FirestoreListenerTest.app */,
			);
			name = Products;
			sourceTree = "<group>";
		};
		66B3074020DD438300931E45 /* FirestoreListenerTest */ = {
			isa = PBXGroup;
			children = (
				66B3074120DD438300931E45 /* AppDelegate.swift */,
				66B3074320DD438300931E45 /* ViewController.swift */,
				66B3074520DD438300931E45 /* Main.storyboard */,
				66B3074820DD438400931E45 /* Assets.xcassets */,
				66B3074A20DD438400931E45 /* LaunchScreen.storyboard */,
				66B3075320DD461800931E45 /* GoogleService-Info.plist */,
				66B3074D20DD438400931E45 /* Info.plist */,
			);
			path = FirestoreListenerTest;
			sourceTree = "<group>";
		};
		9C2703543361CB6A4CD5CA9C /* Pods */ = {
			isa = PBXGroup;
			children = (
				4BBD70789864CB0DA0652629 /* Pods-FirestoreListenerTest.debug.xcconfig */,
				A883EEA2653B5828F38B133B /* Pods-FirestoreListenerTest.release.xcconfig */,
			);
			name = Pods;
			sourceTree = "<group>";
		};
		E0DC0DEA130CE0C45804A0C0 /* Frameworks */ = {
			isa = PBXGroup;
			children = (
				87E078E6D2317C9EAE9D4019 /* Pods_FirestoreListenerTest.framework */,
			);
			name = Frameworks;
			sourceTree = "<group>";
		};
/* End PBXGroup section */

/* Begin PBXNativeTarget section */
		66B3073D20DD438300931E45 /* FirestoreListenerTest */ = {
			isa = PBXNativeTarget;
			buildConfigurationList = 66B3075020DD438400931E45 /* Build configuration list for PBXNativeTarget "FirestoreListenerTest" */;
			buildPhases = (
				9E0B5EA116B3EE1B30B284D2 /* [CP] Check Pods Manifest.lock */,
				66B3073A20DD438300931E45 /* Sources */,
				66B3073B20DD438300931E45 /* Frameworks */,
				66B3073C20DD438300931E45 /* Resources */,
				87A349D43FAF7C14EC49A447 /* [CP] Embed Pods Frameworks */,
			);
			buildRules = (
			);
			dependencies = (
			);
			name = FirestoreListenerTest;
			productName = FirestoreListenerTest;
			productReference = 66B3073E20DD438300931E45 /* FirestoreListenerTest.app */;
			productType = "com.apple.product-type.application";
		};
/* End PBXNativeTarget section */

/* Begin PBXProject section */
		66B3073620DD438300931E45 /* Project object */ = {
			isa = PBXProject;
			attributes = {
				LastSwiftUpdateCheck = 0940;
				LastUpgradeCheck = 0940;
				ORGANIZATIONNAME = TestOrg;
				TargetAttributes = {
					66B3073D20DD438300931E45 = {
						CreatedOnToolsVersion = 9.4.1;
					};
				};
			};
			buildConfigurationList = 66B3073920DD438300931E45 /* Build configuration list for PBXProject "FirestoreListenerTest" */;
			compatibilityVersion = "Xcode 9.3";
			developmentRegion = en;
			hasScannedForEncodings = 0;
			knownRegions = (
				en,
				Base,
			);
			mainGroup = 66B3073520DD438300931E45;
			productRefGroup = 66B3073F20DD438300931E45 /* Products */;
			projectDirPath = "";
			projectRoot = "";
			targets = (
				66B3073D20DD438300931E45 /* FirestoreListenerTest */,
			);
		};
/* End PBXProject section */

/* Begin PBXResourcesBuildPhase section */
		66B3073C20DD438300931E45 /* Resources */ = {
			isa = PBXResourcesBuildPhase;
			buildActionMask = 2147483647;
			files = (
				66B3074C20DD438400931E45 /* LaunchScreen.storyboard in Resources */,
				66B3074920DD438400931E45 /* Assets.xcassets in Resources */,
				66B3075420DD461800931E45 /* GoogleService-Info.plist in Resources */,
				66B3074720DD438300931E45 /* Main.storyboard in Resources */,
			);
			runOnlyForDeploymentPostprocessing = 0;
		};
/* End PBXResourcesBuildPhase section */

/* Begin PBXShellScriptBuildPhase section */
		87A349D43FAF7C14EC49A447 /* [CP] Embed Pods Frameworks */ = {
			isa = PBXShellScriptBuildPhase;
			buildActionMask = 2147483647;
			files = (
			);
			inputPaths = (
				"${SRCROOT}/Pods/Target Support Files/Pods-FirestoreListenerTest/Pods-FirestoreListenerTest-frameworks.sh",
				"${BUILT_PRODUCTS_DIR}/BoringSSL/openssl.framework",
				"${BUILT_PRODUCTS_DIR}/GoogleToolboxForMac/GoogleToolboxForMac.framework",
				"${BUILT_PRODUCTS_DIR}/Protobuf/Protobuf.framework",
				"${BUILT_PRODUCTS_DIR}/gRPC/GRPCClient.framework",
				"${BUILT_PRODUCTS_DIR}/gRPC-Core/grpc.framework",
				"${BUILT_PRODUCTS_DIR}/gRPC-ProtoRPC/ProtoRPC.framework",
				"${BUILT_PRODUCTS_DIR}/gRPC-RxLibrary/RxLibrary.framework",
				"${BUILT_PRODUCTS_DIR}/leveldb-library/leveldb.framework",
				"${BUILT_PRODUCTS_DIR}/nanopb/nanopb.framework",
			);
			name = "[CP] Embed Pods Frameworks";
			outputPaths = (
				"${TARGET_BUILD_DIR}/${FRAMEWORKS_FOLDER_PATH}/openssl.framework",
				"${TARGET_BUILD_DIR}/${FRAMEWORKS_FOLDER_PATH}/GoogleToolboxForMac.framework",
				"${TARGET_BUILD_DIR}/${FRAMEWORKS_FOLDER_PATH}/Protobuf.framework",
				"${TARGET_BUILD_DIR}/${FRAMEWORKS_FOLDER_PATH}/GRPCClient.framework",
				"${TARGET_BUILD_DIR}/${FRAMEWORKS_FOLDER_PATH}/grpc.framework",
				"${TARGET_BUILD_DIR}/${FRAMEWORKS_FOLDER_PATH}/ProtoRPC.framework",
				"${TARGET_BUILD_DIR}/${FRAMEWORKS_FOLDER_PATH}/RxLibrary.framework",
				"${TARGET_BUILD_DIR}/${FRAMEWORKS_FOLDER_PATH}/leveldb.framework",
				"${TARGET_BUILD_DIR}/${FRAMEWORKS_FOLDER_PATH}/nanopb.framework",
			);
			runOnlyForDeploymentPostprocessing = 0;
			shellPath = /bin/sh;
			shellScript = "\"${SRCROOT}/Pods/Target Support Files/Pods-FirestoreListenerTest/Pods-FirestoreListenerTest-frameworks.sh\"\n";
			showEnvVarsInLog = 0;
		};
		9E0B5EA116B3EE1B30B284D2 /* [CP] Check Pods Manifest.lock */ = {
			isa = PBXShellScriptBuildPhase;
			buildActionMask = 2147483647;
			files = (
			);
			inputPaths = (
				"${PODS_PODFILE_DIR_PATH}/Podfile.lock",
				"${PODS_ROOT}/Manifest.lock",
			);
			name = "[CP] Check Pods Manifest.lock";
			outputPaths = (
				"$(DERIVED_FILE_DIR)/Pods-FirestoreListenerTest-checkManifestLockResult.txt",
			);
			runOnlyForDeploymentPostprocessing = 0;
			shellPath = /bin/sh;
			shellScript = "diff \"${PODS_PODFILE_DIR_PATH}/Podfile.lock\" \"${PODS_ROOT}/Manifest.lock\" > /dev/null\nif [ $? != 0 ] ; then\n    # print error to STDERR\n    echo \"error: The sandbox is not in sync with the Podfile.lock. Run 'pod install' or update your CocoaPods installation.\" >&2\n    exit 1\nfi\n# This output is used by Xcode 'outputs' to avoid re-running this script phase.\necho \"SUCCESS\" > \"${SCRIPT_OUTPUT_FILE_0}\"\n";
			showEnvVarsInLog = 0;
		};
/* End PBXShellScriptBuildPhase section */

/* Begin PBXSourcesBuildPhase section */
		66B3073A20DD438300931E45 /* Sources */ = {
			isa = PBXSourcesBuildPhase;
			buildActionMask = 2147483647;
			files = (
				66B3074420DD438300931E45 /* ViewController.swift in Sources */,
				66B3074220DD438300931E45 /* AppDelegate.swift in Sources */,
			);
			runOnlyForDeploymentPostprocessing = 0;
		};
/* End PBXSourcesBuildPhase section */

/* Begin PBXVariantGroup section */
		66B3074520DD438300931E45 /* Main.storyboard */ = {
			isa = PBXVariantGroup;
			children = (
				66B3074620DD438300931E45 /* Base */,
			);
			name = Main.storyboard;
			sourceTree = "<group>";
		};
		66B3074A20DD438400931E45 /* LaunchScreen.storyboard */ = {
			isa = PBXVariantGroup;
			children = (
				66B3074B20DD438400931E45 /* Base */,
			);
			name = LaunchScreen.storyboard;
			sourceTree = "<group>";
		};
/* End PBXVariantGroup section */

/* Begin XCBuildConfiguration section */
		66B3074E20DD438400931E45 /* Debug */ = {
			isa = XCBuildConfiguration;
			buildSettings = {
				ALWAYS_SEARCH_USER_PATHS = NO;
				CLANG_ANALYZER_NONNULL = YES;
				CLANG_ANALYZER_NUMBER_OBJECT_CONVERSION = YES_AGGRESSIVE;
				CLANG_CXX_LANGUAGE_STANDARD = "gnu++14";
				CLANG_CXX_LIBRARY = "libc++";
				CLANG_ENABLE_MODULES = YES;
				CLANG_ENABLE_OBJC_ARC = YES;
				CLANG_ENABLE_OBJC_WEAK = YES;
				CLANG_WARN_BLOCK_CAPTURE_AUTORELEASING = YES;
				CLANG_WARN_BOOL_CONVERSION = YES;
				CLANG_WARN_COMMA = YES;
				CLANG_WARN_CONSTANT_CONVERSION = YES;
				CLANG_WARN_DEPRECATED_OBJC_IMPLEMENTATIONS = YES;
				CLANG_WARN_DIRECT_OBJC_ISA_USAGE = YES_ERROR;
				CLANG_WARN_DOCUMENTATION_COMMENTS = YES;
				CLANG_WARN_EMPTY_BODY = YES;
				CLANG_WARN_ENUM_CONVERSION = YES;
				CLANG_WARN_INFINITE_RECURSION = YES;
				CLANG_WARN_INT_CONVERSION = YES;
				CLANG_WARN_NON_LITERAL_NULL_CONVERSION = YES;
				CLANG_WARN_OBJC_IMPLICIT_RETAIN_SELF = YES;
				CLANG_WARN_OBJC_LITERAL_CONVERSION = YES;
				CLANG_WARN_OBJC_ROOT_CLASS = YES_ERROR;
				CLANG_WARN_RANGE_LOOP_ANALYSIS = YES;
				CLANG_WARN_STRICT_PROTOTYPES = YES;
				CLANG_WARN_SUSPICIOUS_MOVE = YES;
				CLANG_WARN_UNGUARDED_AVAILABILITY = YES_AGGRESSIVE;
				CLANG_WARN_UNREACHABLE_CODE = YES;
				CLANG_WARN__DUPLICATE_METHOD_MATCH = YES;
				CODE_SIGN_IDENTITY = "iPhone Developer";
				COPY_PHASE_STRIP = NO;
				DEBUG_INFORMATION_FORMAT = dwarf;
				ENABLE_STRICT_OBJC_MSGSEND = YES;
				ENABLE_TESTABILITY = YES;
				GCC_C_LANGUAGE_STANDARD = gnu11;
				GCC_DYNAMIC_NO_PIC = NO;
				GCC_NO_COMMON_BLOCKS = YES;
				GCC_OPTIMIZATION_LEVEL = 0;
				GCC_PREPROCESSOR_DEFINITIONS = (
					"DEBUG=1",
					"$(inherited)",
				);
				GCC_WARN_64_TO_32_BIT_CONVERSION = YES;
				GCC_WARN_ABOUT_RETURN_TYPE = YES_ERROR;
				GCC_WARN_UNDECLARED_SELECTOR = YES;
				GCC_WARN_UNINITIALIZED_AUTOS = YES_AGGRESSIVE;
				GCC_WARN_UNUSED_FUNCTION = YES;
				GCC_WARN_UNUSED_VARIABLE = YES;
				IPHONEOS_DEPLOYMENT_TARGET = 11.4;
				MTL_ENABLE_DEBUG_INFO = YES;
				ONLY_ACTIVE_ARCH = YES;
				SDKROOT = iphoneos;
				SWIFT_ACTIVE_COMPILATION_CONDITIONS = DEBUG;
				SWIFT_OPTIMIZATION_LEVEL = "-Onone";
			};
			name = Debug;
		};
		66B3074F20DD438400931E45 /* Release */ = {
			isa = XCBuildConfiguration;
			buildSettings = {
				ALWAYS_SEARCH_USER_PATHS = NO;
				CLANG_ANALYZER_NONNULL = YES;
				CLANG_ANALYZER_NUMBER_OBJECT_CONVERSION = YES_AGGRESSIVE;
				CLANG_CXX_LANGUAGE_STANDARD = "gnu++14";
				CLANG_CXX_LIBRARY = "libc++";
				CLANG_ENABLE_MODULES = YES;
				CLANG_ENABLE_OBJC_ARC = YES;
				CLANG_ENABLE_OBJC_WEAK = YES;
				CLANG_WARN_BLOCK_CAPTURE_AUTORELEASING = YES;
				CLANG_WARN_BOOL_CONVERSION = YES;
				CLANG_WARN_COMMA = YES;
				CLANG_WARN_CONSTANT_CONVERSION = YES;
				CLANG_WARN_DEPRECATED_OBJC_IMPLEMENTATIONS = YES;
				CLANG_WARN_DIRECT_OBJC_ISA_USAGE = YES_ERROR;
				CLANG_WARN_DOCUMENTATION_COMMENTS = YES;
				CLANG_WARN_EMPTY_BODY = YES;
				CLANG_WARN_ENUM_CONVERSION = YES;
				CLANG_WARN_INFINITE_RECURSION = YES;
				CLANG_WARN_INT_CONVERSION = YES;
				CLANG_WARN_NON_LITERAL_NULL_CONVERSION = YES;
				CLANG_WARN_OBJC_IMPLICIT_RETAIN_SELF = YES;
				CLANG_WARN_OBJC_LITERAL_CONVERSION = YES;
				CLANG_WARN_OBJC_ROOT_CLASS = YES_ERROR;
				CLANG_WARN_RANGE_LOOP_ANALYSIS = YES;
				CLANG_WARN_STRICT_PROTOTYPES = YES;
				CLANG_WARN_SUSPICIOUS_MOVE = YES;
				CLANG_WARN_UNGUARDED_AVAILABILITY = YES_AGGRESSIVE;
				CLANG_WARN_UNREACHABLE_CODE = YES;
				CLANG_WARN__DUPLICATE_METHOD_MATCH = YES;
				CODE_SIGN_IDENTITY = "iPhone Developer";
				COPY_PHASE_STRIP = NO;
				DEBUG_INFORMATION_FORMAT = "dwarf-with-dsym";
				ENABLE_NS_ASSERTIONS = NO;
				ENABLE_STRICT_OBJC_MSGSEND = YES;
				GCC_C_LANGUAGE_STANDARD = gnu11;
				GCC_NO_COMMON_BLOCKS = YES;
				GCC_WARN_64_TO_32_BIT_CONVERSION = YES;
				GCC_WARN_ABOUT_RETURN_TYPE = YES_ERROR;
				GCC_WARN_UNDECLARED_SELECTOR = YES;
				GCC_WARN_UNINITIALIZED_AUTOS = YES_AGGRESSIVE;
				GCC_WARN_UNUSED_FUNCTION = YES;
				GCC_WARN_UNUSED_VARIABLE = YES;
				IPHONEOS_DEPLOYMENT_TARGET = 11.4;
				MTL_ENABLE_DEBUG_INFO = NO;
				SDKROOT = iphoneos;
				SWIFT_COMPILATION_MODE = wholemodule;
				SWIFT_OPTIMIZATION_LEVEL = "-O";
				VALIDATE_PRODUCT = YES;
			};
			name = Release;
		};
		66B3075120DD438400931E45 /* Debug */ = {
			isa = XCBuildConfiguration;
			baseConfigurationReference = 4BBD70789864CB0DA0652629 /* Pods-FirestoreListenerTest.debug.xcconfig */;
			buildSettings = {
				ASSETCATALOG_COMPILER_APPICON_NAME = AppIcon;
				CODE_SIGN_STYLE = Automatic;
				DEVELOPMENT_TEAM = 9M7AW744P4;
				INFOPLIST_FILE = FirestoreListenerTest/Info.plist;
				IPHONEOS_DEPLOYMENT_TARGET = 11.0;
				LD_RUNPATH_SEARCH_PATHS = (
					"$(inherited)",
					"@executable_path/Frameworks",
				);
				PRODUCT_BUNDLE_IDENTIFIER = com.testtestorg.FirestoreListenerTest;
				PRODUCT_NAME = "$(TARGET_NAME)";
				SWIFT_VERSION = 4.0;
				TARGETED_DEVICE_FAMILY = "1,2";
			};
			name = Debug;
		};
		66B3075220DD438400931E45 /* Release */ = {
			isa = XCBuildConfiguration;
			baseConfigurationReference = A883EEA2653B5828F38B133B /* Pods-FirestoreListenerTest.release.xcconfig */;
			buildSettings = {
				ASSETCATALOG_COMPILER_APPICON_NAME = AppIcon;
				CODE_SIGN_STYLE = Automatic;
				DEVELOPMENT_TEAM = 9M7AW744P4;
				INFOPLIST_FILE = FirestoreListenerTest/Info.plist;
				IPHONEOS_DEPLOYMENT_TARGET = 11.0;
				LD_RUNPATH_SEARCH_PATHS = (
					"$(inherited)",
					"@executable_path/Frameworks",
				);
				PRODUCT_BUNDLE_IDENTIFIER = com.testtestorg.FirestoreListenerTest;
				PRODUCT_NAME = "$(TARGET_NAME)";
				SWIFT_VERSION = 4.0;
				TARGETED_DEVICE_FAMILY = "1,2";
			};
			name = Release;
		};
/* End XCBuildConfiguration section */

/* Begin XCConfigurationList section */
		66B3073920DD438300931E45 /* Build configuration list for PBXProject "FirestoreListenerTest" */ = {
			isa = XCConfigurationList;
			buildConfigurations = (
				66B3074E20DD438400931E45 /* Debug */,
				66B3074F20DD438400931E45 /* Release */,
			);
			defaultConfigurationIsVisible = 0;
			defaultConfigurationName = Release;
		};
		66B3075020DD438400931E45 /* Build configuration list for PBXNativeTarget "FirestoreListenerTest" */ = {
			isa = XCConfigurationList;
			buildConfigurations = (
				66B3075120DD438400931E45 /* Debug */,
				66B3075220DD438400931E45 /* Release */,
			);
			defaultConfigurationIsVisible = 0;
			defaultConfigurationName = Release;
		};
/* End XCConfigurationList section */
	};
	rootObject = 66B3073620DD438300931E45 /* Project object */;
}
